
Microsoft Visual Studio Solution File, Format Version 12.00
# Visual Studio Version 17
VisualStudioVersion = 17.6.33829.357
MinimumVisualStudioVersion = 10.0.40219.1
Project("{9A19103F-16F7-4668-BE54-9A1E7A4F7556}") = "TasksAPI.Services", "TasksAPI.Services\TasksAPI.Services.csproj", "{CCB62B5F-1080-43B5-9394-2140F8D8A5AC}"
EndProject
Project("{2150E333-8FDC-42A3-9474-1A3956D46DE8}") = "Adapters", "Adapters", "{59F32FA9-1FBF-4C6E-BC38-2A2ED83B23DA}"
EndProject
Project("{2150E333-8FDC-42A3-9474-1A3956D46DE8}") = "Application", "Application", "{67EB8F45-C2FC-41FE-A963-7E538076D211}"
EndProject
Project("{2150E333-8FDC-42A3-9474-1A3956D46DE8}") = "Tests", "Tests", "{A6489CD4-5127-4CE6-96C2-259B00FD0B4E}"
EndProject
Project("{2150E333-8FDC-42A3-9474-1A3956D46DE8}") = "Driven (Adaptadores secundários)", "Driven (Adaptadores secundários)", "{E6158F79-BEB0-4431-A440-3B11F4CBB9E4}"
EndProject
Project("{2150E333-8FDC-42A3-9474-1A3956D46DE8}") = "Driving (Adaptadores primários)", "Driving (Adaptadores primários)", "{5B9D67CB-E6A7-4362-9041-BAA783698C12}"
EndProject
Project("{2150E333-8FDC-42A3-9474-1A3956D46DE8}") = "Data", "Data", "{AF1262B4-8F47-46A9-9BF7-55BA760B5DE8}"
EndProject
Project("{2150E333-8FDC-42A3-9474-1A3956D46DE8}") = "Messages", "Messages", "{FCC01BB1-6365-4903-831F-673DA877C092}"
EndProject
Project("{2150E333-8FDC-42A3-9474-1A3956D46DE8}") = "API", "API", "{781A0B03-EE88-41EE-B80A-CFB0A3D768B3}"
EndProject
Project("{2150E333-8FDC-42A3-9474-1A3956D46DE8}") = "Domain", "Domain", "{EF1B4450-523D-41E0-B812-69EDA73C4D7C}"
EndProject
Project("{2150E333-8FDC-42A3-9474-1A3956D46DE8}") = "UseCases (Workflows)", "UseCases (Workflows)", "{0C872620-2881-47DC-BB37-A1478395E300}"
EndProject
Project("{9A19103F-16F7-4668-BE54-9A1E7A4F7556}") = "TasksAPI.Domain", "TasksAPI.Domain\TasksAPI.Domain.csproj", "{60FA36FC-A76F-492B-9A27-C96B02C406DB}"
EndProject
Project("{9A19103F-16F7-4668-BE54-9A1E7A4F7556}") = "TasksAPI.Application", "TasksAPI.Application\TasksAPI.Application.csproj", "{CE4182F3-E087-4E4B-AB44-2D4107A4F2DA}"
EndProject
Project("{E53339B2-1760-4266-BCC7-CA923CBCF16C}") = "docker-compose", "docker-compose.dcproj", "{F70D200F-5123-4EA6-9F5E-0DCE2669409C}"
EndProject
Project("{FAE04EC0-301F-11D3-BF4B-00C04F79EFBC}") = "TasksAPI.Data", "TasksAPI.Data\TasksAPI.Data.csproj", "{9EBAF2CB-1A70-4835-93F6-C89ACC8915AA}"
EndProject
Global
	GlobalSection(SolutionConfigurationPlatforms) = preSolution
		Debug|Any CPU = Debug|Any CPU
		Release|Any CPU = Release|Any CPU
	EndGlobalSection
	GlobalSection(ProjectConfigurationPlatforms) = postSolution
		{CCB62B5F-1080-43B5-9394-2140F8D8A5AC}.Debug|Any CPU.ActiveCfg = Debug|Any CPU
		{CCB62B5F-1080-43B5-9394-2140F8D8A5AC}.Debug|Any CPU.Build.0 = Debug|Any CPU
		{CCB62B5F-1080-43B5-9394-2140F8D8A5AC}.Release|Any CPU.ActiveCfg = Release|Any CPU
		{CCB62B5F-1080-43B5-9394-2140F8D8A5AC}.Release|Any CPU.Build.0 = Release|Any CPU
		{60FA36FC-A76F-492B-9A27-C96B02C406DB}.Debug|Any CPU.ActiveCfg = Debug|Any CPU
		{60FA36FC-A76F-492B-9A27-C96B02C406DB}.Debug|Any CPU.Build.0 = Debug|Any CPU
		{60FA36FC-A76F-492B-9A27-C96B02C406DB}.Release|Any CPU.ActiveCfg = Release|Any CPU
		{60FA36FC-A76F-492B-9A27-C96B02C406DB}.Release|Any CPU.Build.0 = Release|Any CPU
		{CE4182F3-E087-4E4B-AB44-2D4107A4F2DA}.Debug|Any CPU.ActiveCfg = Debug|Any CPU
		{CE4182F3-E087-4E4B-AB44-2D4107A4F2DA}.Debug|Any CPU.Build.0 = Debug|Any CPU
		{CE4182F3-E087-4E4B-AB44-2D4107A4F2DA}.Release|Any CPU.ActiveCfg = Release|Any CPU
		{CE4182F3-E087-4E4B-AB44-2D4107A4F2DA}.Release|Any CPU.Build.0 = Release|Any CPU
		{F70D200F-5123-4EA6-9F5E-0DCE2669409C}.Debug|Any CPU.ActiveCfg = Debug|Any CPU
		{F70D200F-5123-4EA6-9F5E-0DCE2669409C}.Debug|Any CPU.Build.0 = Debug|Any CPU
		{F70D200F-5123-4EA6-9F5E-0DCE2669409C}.Release|Any CPU.ActiveCfg = Release|Any CPU
		{F70D200F-5123-4EA6-9F5E-0DCE2669409C}.Release|Any CPU.Build.0 = Release|Any CPU
		{9EBAF2CB-1A70-4835-93F6-C89ACC8915AA}.Debug|Any CPU.ActiveCfg = Debug|Any CPU
		{9EBAF2CB-1A70-4835-93F6-C89ACC8915AA}.Debug|Any CPU.Build.0 = Debug|Any CPU
		{9EBAF2CB-1A70-4835-93F6-C89ACC8915AA}.Release|Any CPU.ActiveCfg = Release|Any CPU
		{9EBAF2CB-1A70-4835-93F6-C89ACC8915AA}.Release|Any CPU.Build.0 = Release|Any CPU
	EndGlobalSection
	GlobalSection(SolutionProperties) = preSolution
		HideSolutionNode = FALSE
	EndGlobalSection
	GlobalSection(NestedProjects) = preSolution
		{CCB62B5F-1080-43B5-9394-2140F8D8A5AC} = {781A0B03-EE88-41EE-B80A-CFB0A3D768B3}
		{E6158F79-BEB0-4431-A440-3B11F4CBB9E4} = {59F32FA9-1FBF-4C6E-BC38-2A2ED83B23DA}
		{5B9D67CB-E6A7-4362-9041-BAA783698C12} = {59F32FA9-1FBF-4C6E-BC38-2A2ED83B23DA}
		{AF1262B4-8F47-46A9-9BF7-55BA760B5DE8} = {E6158F79-BEB0-4431-A440-3B11F4CBB9E4}
		{FCC01BB1-6365-4903-831F-673DA877C092} = {E6158F79-BEB0-4431-A440-3B11F4CBB9E4}
		{781A0B03-EE88-41EE-B80A-CFB0A3D768B3} = {5B9D67CB-E6A7-4362-9041-BAA783698C12}
		{EF1B4450-523D-41E0-B812-69EDA73C4D7C} = {67EB8F45-C2FC-41FE-A963-7E538076D211}
		{0C872620-2881-47DC-BB37-A1478395E300} = {67EB8F45-C2FC-41FE-A963-7E538076D211}
		{60FA36FC-A76F-492B-9A27-C96B02C406DB} = {EF1B4450-523D-41E0-B812-69EDA73C4D7C}
		{CE4182F3-E087-4E4B-AB44-2D4107A4F2DA} = {0C872620-2881-47DC-BB37-A1478395E300}
		{9EBAF2CB-1A70-4835-93F6-C89ACC8915AA} = {AF1262B4-8F47-46A9-9BF7-55BA760B5DE8}
	EndGlobalSection
	GlobalSection(ExtensibilityGlobals) = postSolution
		SolutionGuid = {8A6F46BD-CDED-4032-ABFD-F026F24209F9}
	EndGlobalSection
EndGlobal
