
Microsoft Visual Studio Solution File, Format Version 12.00
# Visual Studio Version 17
VisualStudioVersion = 17.4.33110.190
MinimumVisualStudioVersion = 10.0.40219.1
Project("{9A19103F-16F7-4668-BE54-9A1E7A4F7556}") = "TasksAPI.Services", "TasksAPI.Services\TasksAPI.Services.csproj", "{23C600FB-9CDE-44DE-8B30-035C87FA4D0F}"
EndProject
Project("{2150E333-8FDC-42A3-9474-1A3956D46DE8}") = "Adapters", "Adapters", "{858BD9A7-23BA-41AE-92B1-ECF58EAFF2BD}"
EndProject
Project("{2150E333-8FDC-42A3-9474-1A3956D46DE8}") = "Application", "Application", "{8A9C110D-C519-48DB-8874-F8537977EA52}"
EndProject
Project("{2150E333-8FDC-42A3-9474-1A3956D46DE8}") = "Tests", "Tests", "{8240C751-D82B-4780-9052-3CA145471FBF}"
EndProject
Project("{2150E333-8FDC-42A3-9474-1A3956D46DE8}") = "Driven (Adaptadores secundários)", "Driven (Adaptadores secundários)", "{5CD6335E-4CEB-43B9-8A21-739A5EAA2081}"
EndProject
Project("{2150E333-8FDC-42A3-9474-1A3956D46DE8}") = "Driving (Adaptadores primários)", "Driving (Adaptadores primários)", "{4C9F055D-0F74-4994-B307-0702C49B179D}"
EndProject
Project("{2150E333-8FDC-42A3-9474-1A3956D46DE8}") = "Data", "Data", "{8EED6E59-5F9A-4E7D-9D67-7E4EE934D43C}"
EndProject
Project("{2150E333-8FDC-42A3-9474-1A3956D46DE8}") = "Messages", "Messages", "{83A3ED48-21F0-4FA4-A431-EE785CB40DF6}"
EndProject
Project("{2150E333-8FDC-42A3-9474-1A3956D46DE8}") = "API", "API", "{C2159A90-105E-4312-B231-36749784B17C}"
EndProject
Project("{2150E333-8FDC-42A3-9474-1A3956D46DE8}") = "Domain", "Domain", "{042682F9-577B-4BE7-928E-868E7CFC0F25}"
EndProject
Project("{2150E333-8FDC-42A3-9474-1A3956D46DE8}") = "UseCases (Workflows)", "UseCases (Workflows)", "{35B90C30-058B-4EF3-A361-1931B97696F4}"
EndProject
Project("{9A19103F-16F7-4668-BE54-9A1E7A4F7556}") = "TasksAPI.Domain", "TasksAPI.Domain\TasksAPI.Domain.csproj", "{531CB894-102B-4E7D-8A67-11CB2DD9811B}"
EndProject
Project("{9A19103F-16F7-4668-BE54-9A1E7A4F7556}") = "TasksAPI.Application", "TasksAPI.Application\TasksAPI.Application.csproj", "{3CD7885D-3D23-4128-AA1A-2158432F9441}"
EndProject
Project("{E53339B2-1760-4266-BCC7-CA923CBCF16C}") = "docker-compose", "docker-compose.dcproj", "{4D8E863B-3CC2-46B1-93BB-741C6B4F2EBC}"
EndProject
Project("{9A19103F-16F7-4668-BE54-9A1E7A4F7556}") = "TasksAPI.Data", "TasksAPI.Data\TasksAPI.Data.csproj", "{E4BC5D56-DADB-4F4E-A891-3545467C8DFA}"
EndProject
Project("{9A19103F-16F7-4668-BE54-9A1E7A4F7556}") = "TasksAPI.Messages", "TasksAPI.Messages\TasksAPI.Messages.csproj", "{64256CC9-F1B9-45CC-A9FD-D9D4EE230059}"
EndProject
Global
	GlobalSection(SolutionConfigurationPlatforms) = preSolution
		Debug|Any CPU = Debug|Any CPU
		Release|Any CPU = Release|Any CPU
	EndGlobalSection
	GlobalSection(ProjectConfigurationPlatforms) = postSolution
		{23C600FB-9CDE-44DE-8B30-035C87FA4D0F}.Debug|Any CPU.ActiveCfg = Debug|Any CPU
		{23C600FB-9CDE-44DE-8B30-035C87FA4D0F}.Debug|Any CPU.Build.0 = Debug|Any CPU
		{23C600FB-9CDE-44DE-8B30-035C87FA4D0F}.Release|Any CPU.ActiveCfg = Release|Any CPU
		{23C600FB-9CDE-44DE-8B30-035C87FA4D0F}.Release|Any CPU.Build.0 = Release|Any CPU
		{531CB894-102B-4E7D-8A67-11CB2DD9811B}.Debug|Any CPU.ActiveCfg = Debug|Any CPU
		{531CB894-102B-4E7D-8A67-11CB2DD9811B}.Debug|Any CPU.Build.0 = Debug|Any CPU
		{531CB894-102B-4E7D-8A67-11CB2DD9811B}.Release|Any CPU.ActiveCfg = Release|Any CPU
		{531CB894-102B-4E7D-8A67-11CB2DD9811B}.Release|Any CPU.Build.0 = Release|Any CPU
		{3CD7885D-3D23-4128-AA1A-2158432F9441}.Debug|Any CPU.ActiveCfg = Debug|Any CPU
		{3CD7885D-3D23-4128-AA1A-2158432F9441}.Debug|Any CPU.Build.0 = Debug|Any CPU
		{3CD7885D-3D23-4128-AA1A-2158432F9441}.Release|Any CPU.ActiveCfg = Release|Any CPU
		{3CD7885D-3D23-4128-AA1A-2158432F9441}.Release|Any CPU.Build.0 = Release|Any CPU
		{4D8E863B-3CC2-46B1-93BB-741C6B4F2EBC}.Debug|Any CPU.ActiveCfg = Debug|Any CPU
		{4D8E863B-3CC2-46B1-93BB-741C6B4F2EBC}.Debug|Any CPU.Build.0 = Debug|Any CPU
		{4D8E863B-3CC2-46B1-93BB-741C6B4F2EBC}.Release|Any CPU.ActiveCfg = Release|Any CPU
		{4D8E863B-3CC2-46B1-93BB-741C6B4F2EBC}.Release|Any CPU.Build.0 = Release|Any CPU
		{E4BC5D56-DADB-4F4E-A891-3545467C8DFA}.Debug|Any CPU.ActiveCfg = Debug|Any CPU
		{E4BC5D56-DADB-4F4E-A891-3545467C8DFA}.Debug|Any CPU.Build.0 = Debug|Any CPU
		{E4BC5D56-DADB-4F4E-A891-3545467C8DFA}.Release|Any CPU.ActiveCfg = Release|Any CPU
		{E4BC5D56-DADB-4F4E-A891-3545467C8DFA}.Release|Any CPU.Build.0 = Release|Any CPU
		{64256CC9-F1B9-45CC-A9FD-D9D4EE230059}.Debug|Any CPU.ActiveCfg = Debug|Any CPU
		{64256CC9-F1B9-45CC-A9FD-D9D4EE230059}.Debug|Any CPU.Build.0 = Debug|Any CPU
		{64256CC9-F1B9-45CC-A9FD-D9D4EE230059}.Release|Any CPU.ActiveCfg = Release|Any CPU
		{64256CC9-F1B9-45CC-A9FD-D9D4EE230059}.Release|Any CPU.Build.0 = Release|Any CPU
	EndGlobalSection
	GlobalSection(SolutionProperties) = preSolution
		HideSolutionNode = FALSE
	EndGlobalSection
	GlobalSection(NestedProjects) = preSolution
		{23C600FB-9CDE-44DE-8B30-035C87FA4D0F} = {C2159A90-105E-4312-B231-36749784B17C}
		{5CD6335E-4CEB-43B9-8A21-739A5EAA2081} = {858BD9A7-23BA-41AE-92B1-ECF58EAFF2BD}
		{4C9F055D-0F74-4994-B307-0702C49B179D} = {858BD9A7-23BA-41AE-92B1-ECF58EAFF2BD}
		{8EED6E59-5F9A-4E7D-9D67-7E4EE934D43C} = {5CD6335E-4CEB-43B9-8A21-739A5EAA2081}
		{83A3ED48-21F0-4FA4-A431-EE785CB40DF6} = {5CD6335E-4CEB-43B9-8A21-739A5EAA2081}
		{C2159A90-105E-4312-B231-36749784B17C} = {4C9F055D-0F74-4994-B307-0702C49B179D}
		{042682F9-577B-4BE7-928E-868E7CFC0F25} = {8A9C110D-C519-48DB-8874-F8537977EA52}
		{35B90C30-058B-4EF3-A361-1931B97696F4} = {8A9C110D-C519-48DB-8874-F8537977EA52}
		{531CB894-102B-4E7D-8A67-11CB2DD9811B} = {042682F9-577B-4BE7-928E-868E7CFC0F25}
		{3CD7885D-3D23-4128-AA1A-2158432F9441} = {35B90C30-058B-4EF3-A361-1931B97696F4}
		{E4BC5D56-DADB-4F4E-A891-3545467C8DFA} = {8EED6E59-5F9A-4E7D-9D67-7E4EE934D43C}
		{64256CC9-F1B9-45CC-A9FD-D9D4EE230059} = {83A3ED48-21F0-4FA4-A431-EE785CB40DF6}
	EndGlobalSection
	GlobalSection(ExtensibilityGlobals) = postSolution
		SolutionGuid = {034E3136-97B6-4000-A310-C9D89770EB57}
	EndGlobalSection
EndGlobal
